
Microsoft Visual Studio Solution File, Format Version 12.00
# Visual Studio Version 17
VisualStudioVersion = 17.0.32126.317
MinimumVisualStudioVersion = 10.0.40219.1
Project("{9A19103F-16F7-4668-BE54-9A1E7A4F7556}") = "YourJobsApp", "src\YourJobsApp\YourJobsApp.csproj", "{26EA3BF5-2AEC-4D5A-AF46-BE643F147C2B}"
EndProject
Global
	GlobalSection(SolutionConfigurationPlatforms) = preSolution
		Debug|Any CPU = Debug|Any CPU
		Release|Any CPU = Release|Any CPU
	EndGlobalSection
	GlobalSection(ProjectConfigurationPlatforms) = postSolution
		{26EA3BF5-2AEC-4D5A-AF46-BE643F147C2B}.Debug|Any CPU.ActiveCfg = Debug|Any CPU
		{26EA3BF5-2AEC-4D5A-AF46-BE643F147C2B}.Debug|Any CPU.Build.0 = Debug|Any CPU
		{26EA3BF5-2AEC-4D5A-AF46-BE643F147C2B}.Release|Any CPU.ActiveCfg = Release|Any CPU
		{26EA3BF5-2AEC-4D5A-AF46-BE643F147C2B}.Release|Any CPU.Build.0 = Release|Any CPU
	EndGlobalSection
	GlobalSection(SolutionProperties) = preSolution
		HideSolutionNode = FALSE
	EndGlobalSection
	GlobalSection(NestedProjects) = preSolution
	EndGlobalSection
	GlobalSection(ExtensibilityGlobals) = postSolution
		SolutionGuid = {B709F49B-68B4-42C4-AFE1-7EB06E09DAC4}
	EndGlobalSection
EndGlobal
